
Microsoft Visual Studio Solution File, Format Version 12.00
# Visual Studio Version 17
VisualStudioVersion = 17.4.33205.214
MinimumVisualStudioVersion = 10.0.40219.1
Project("{FAE04EC0-301F-11D3-BF4B-00C04F79EFBC}") = "ConnectingToNotion", "ConnectingToNotion.csproj", "{3E49C460-1C09-46E3-B482-CAD197780B75}"
EndProject
Global
	GlobalSection(SolutionConfigurationPlatforms) = preSolution
		Debug|Any CPU = Debug|Any CPU
		Release|Any CPU = Release|Any CPU
	EndGlobalSection
	GlobalSection(ProjectConfigurationPlatforms) = postSolution
		{3E49C460-1C09-46E3-B482-CAD197780B75}.Debug|Any CPU.ActiveCfg = Debug|Any CPU
		{3E49C460-1C09-46E3-B482-CAD197780B75}.Debug|Any CPU.Build.0 = Debug|Any CPU
		{3E49C460-1C09-46E3-B482-CAD197780B75}.Release|Any CPU.ActiveCfg = Release|Any CPU
		{3E49C460-1C09-46E3-B482-CAD197780B75}.Release|Any CPU.Build.0 = Release|Any CPU
	EndGlobalSection
	GlobalSection(SolutionProperties) = preSolution
		HideSolutionNode = FALSE
	EndGlobalSection
	GlobalSection(ExtensibilityGlobals) = postSolution
		SolutionGuid = {2704F3DF-D6FB-433D-B4F9-F030EC2E323D}
	EndGlobalSection
EndGlobal
